
Microsoft Visual Studio Solution File, Format Version 12.00
# Visual Studio Version 17
VisualStudioVersion = 17.0.31903.59
MinimumVisualStudioVersion = 10.0.40219.1
Project("{FAE04EC0-301F-11D3-BF4B-00C04F79EFBC}") = "Scenario1.TransientEditing", "Scenario1.TransientEditing\Scenario1.TransientEditing.csproj", "{007C03AE-40F0-4B08-A319-D6851579B2A1}"
EndProject
Project("{FAE04EC0-301F-11D3-BF4B-00C04F79EFBC}") = "Scenario2.SharePointMaster", "Scenario2.SharePointMaster\Scenario2.SharePointMaster.csproj", "{A125A3C9-063F-4B15-9E9B-4AF6061D8D9E}"
EndProject
Global
	GlobalSection(SolutionConfigurationPlatforms) = preSolution
		Debug|Any CPU = Debug|Any CPU
		Release|Any CPU = Release|Any CPU
	EndGlobalSection
	GlobalSection(SolutionProperties) = preSolution
		HideSolutionNode = FALSE
	EndGlobalSection
	GlobalSection(ProjectConfigurationPlatforms) = postSolution
		{007C03AE-40F0-4B08-A319-D6851579B2A1}.Debug|Any CPU.ActiveCfg = Debug|Any CPU
		{007C03AE-40F0-4B08-A319-D6851579B2A1}.Debug|Any CPU.Build.0 = Debug|Any CPU
		{007C03AE-40F0-4B08-A319-D6851579B2A1}.Release|Any CPU.ActiveCfg = Release|Any CPU
		{007C03AE-40F0-4B08-A319-D6851579B2A1}.Release|Any CPU.Build.0 = Release|Any CPU
		{A125A3C9-063F-4B15-9E9B-4AF6061D8D9E}.Debug|Any CPU.ActiveCfg = Debug|Any CPU
		{A125A3C9-063F-4B15-9E9B-4AF6061D8D9E}.Debug|Any CPU.Build.0 = Debug|Any CPU
		{A125A3C9-063F-4B15-9E9B-4AF6061D8D9E}.Release|Any CPU.ActiveCfg = Release|Any CPU
		{A125A3C9-063F-4B15-9E9B-4AF6061D8D9E}.Release|Any CPU.Build.0 = Release|Any CPU
	EndGlobalSection
EndGlobal
